// !$*UTF8*$!
{
	archiveVersion = 1;
	classes = {
	};
	objectVersion = 46;
	objects = {

/* Begin PBXBuildFile section */
		338AF5E923A241E5916275E7 /* libPods.a in Frameworks */ = {isa = PBXBuildFile; fileRef = 372A35B045F44307BDE6A6B5 /* libPods.a */; };
		E87B0A6619425AFC0060484C /* MoviesViewController.m in Sources */ = {isa = PBXBuildFile; fileRef = E87B0A6419425AFC0060484C /* MoviesViewController.m */; };
		E87B0A6719425AFC0060484C /* MoviesViewController.xib in Resources */ = {isa = PBXBuildFile; fileRef = E87B0A6519425AFC0060484C /* MoviesViewController.xib */; };
		E87B0A6B19425FC60060484C /* MoviesTableViewCell.m in Sources */ = {isa = PBXBuildFile; fileRef = E87B0A6919425FC60060484C /* MoviesTableViewCell.m */; };
		E87B0A6C19425FC60060484C /* MoviesTableViewCell.xib in Resources */ = {isa = PBXBuildFile; fileRef = E87B0A6A19425FC60060484C /* MoviesTableViewCell.xib */; };
		E8A30BFA19428F8100463E3A /* MovieDetailsViewController.m in Sources */ = {isa = PBXBuildFile; fileRef = E8A30BF819428F8100463E3A /* MovieDetailsViewController.m */; };
		E8A30BFB19428F8100463E3A /* MovieDetailsViewController.xib in Resources */ = {isa = PBXBuildFile; fileRef = E8A30BF919428F8100463E3A /* MovieDetailsViewController.xib */; };
		E8A30BFE1942AD6000463E3A /* Movie.m in Sources */ = {isa = PBXBuildFile; fileRef = E8A30BFD1942AD6000463E3A /* Movie.m */; };
		E8BAEF1119418B870080E99E /* main.m in Sources */ = {isa = PBXBuildFile; fileRef = E8BAEF1019418B870080E99E /* main.m */; };
		E8BAEF1419418B870080E99E /* AppDelegate.m in Sources */ = {isa = PBXBuildFile; fileRef = E8BAEF1319418B870080E99E /* AppDelegate.m */; };
		E8BAEF1619418B870080E99E /* Images.xcassets in Resources */ = {isa = PBXBuildFile; fileRef = E8BAEF1519418B870080E99E /* Images.xcassets */; };
		E8BAEF2219418B870080E99E /* RottenTomatoesTests.m in Sources */ = {isa = PBXBuildFile; fileRef = E8BAEF2119418B870080E99E /* RottenTomatoesTests.m */; };
/* End PBXBuildFile section */

/* Begin PBXContainerItemProxy section */
		E8BAEF1C19418B870080E99E /* PBXContainerItemProxy */ = {
			isa = PBXContainerItemProxy;
			containerPortal = E8BAEF0319418B870080E99E /* Project object */;
			proxyType = 1;
			remoteGlobalIDString = E8BAEF0A19418B870080E99E;
			remoteInfo = RottenTomatoes;
		};
/* End PBXContainerItemProxy section */

/* Begin PBXFileReference section */
		2D98BC11481949B0A8B38D95 /* Pods.xcconfig */ = {isa = PBXFileReference; includeInIndex = 1; lastKnownFileType = text.xcconfig; name = Pods.xcconfig; path = Pods/Pods.xcconfig; sourceTree = "<group>"; };
		372A35B045F44307BDE6A6B5 /* libPods.a */ = {isa = PBXFileReference; explicitFileType = archive.ar; includeInIndex = 0; path = libPods.a; sourceTree = BUILT_PRODUCTS_DIR; };
		E87B0A6319425AFC0060484C /* MoviesViewController.h */ = {isa = PBXFileReference; fileEncoding = 4; lastKnownFileType = sourcecode.c.h; path = MoviesViewController.h; sourceTree = "<group>"; };
		E87B0A6419425AFC0060484C /* MoviesViewController.m */ = {isa = PBXFileReference; fileEncoding = 4; lastKnownFileType = sourcecode.c.objc; path = MoviesViewController.m; sourceTree = "<group>"; };
		E87B0A6519425AFC0060484C /* MoviesViewController.xib */ = {isa = PBXFileReference; fileEncoding = 4; lastKnownFileType = file.xib; path = MoviesViewController.xib; sourceTree = "<group>"; };
		E87B0A6819425FC60060484C /* MoviesTableViewCell.h */ = {isa = PBXFileReference; fileEncoding = 4; lastKnownFileType = sourcecode.c.h; path = MoviesTableViewCell.h; sourceTree = "<group>"; };
		E87B0A6919425FC60060484C /* MoviesTableViewCell.m */ = {isa = PBXFileReference; fileEncoding = 4; lastKnownFileType = sourcecode.c.objc; path = MoviesTableViewCell.m; sourceTree = "<group>"; };
		E87B0A6A19425FC60060484C /* MoviesTableViewCell.xib */ = {isa = PBXFileReference; fileEncoding = 4; lastKnownFileType = file.xib; path = MoviesTableViewCell.xib; sourceTree = "<group>"; };
		E8A30BF719428F8100463E3A /* MovieDetailsViewController.h */ = {isa = PBXFileReference; fileEncoding = 4; lastKnownFileType = sourcecode.c.h; path = MovieDetailsViewController.h; sourceTree = "<group>"; };
		E8A30BF819428F8100463E3A /* MovieDetailsViewController.m */ = {isa = PBXFileReference; fileEncoding = 4; lastKnownFileType = sourcecode.c.objc; path = MovieDetailsViewController.m; sourceTree = "<group>"; };
		E8A30BF919428F8100463E3A /* MovieDetailsViewController.xib */ = {isa = PBXFileReference; fileEncoding = 4; lastKnownFileType = file.xib; path = MovieDetailsViewController.xib; sourceTree = "<group>"; };
		E8A30BFC1942AD6000463E3A /* Movie.h */ = {isa = PBXFileReference; fileEncoding = 4; lastKnownFileType = sourcecode.c.h; path = Movie.h; sourceTree = "<group>"; };
		E8A30BFD1942AD6000463E3A /* Movie.m */ = {isa = PBXFileReference; fileEncoding = 4; lastKnownFileType = sourcecode.c.objc; path = Movie.m; sourceTree = "<group>"; };
		E8BAEF0B19418B870080E99E /* RottenTomatoes.app */ = {isa = PBXFileReference; explicitFileType = wrapper.application; includeInIndex = 0; path = RottenTomatoes.app; sourceTree = BUILT_PRODUCTS_DIR; };
		E8BAEF0F19418B870080E99E /* Info.plist */ = {isa = PBXFileReference; lastKnownFileType = text.plist.xml; path = Info.plist; sourceTree = "<group>"; };
		E8BAEF1019418B870080E99E /* main.m */ = {isa = PBXFileReference; lastKnownFileType = sourcecode.c.objc; path = main.m; sourceTree = "<group>"; };
		E8BAEF1219418B870080E99E /* AppDelegate.h */ = {isa = PBXFileReference; lastKnownFileType = sourcecode.c.h; path = AppDelegate.h; sourceTree = "<group>"; };
		E8BAEF1319418B870080E99E /* AppDelegate.m */ = {isa = PBXFileReference; lastKnownFileType = sourcecode.c.objc; path = AppDelegate.m; sourceTree = "<group>"; };
		E8BAEF1519418B870080E99E /* Images.xcassets */ = {isa = PBXFileReference; lastKnownFileType = folder.assetcatalog; path = Images.xcassets; sourceTree = "<group>"; };
		E8BAEF1B19418B870080E99E /* RottenTomatoesTests.xctest */ = {isa = PBXFileReference; explicitFileType = wrapper.cfbundle; includeInIndex = 0; path = RottenTomatoesTests.xctest; sourceTree = BUILT_PRODUCTS_DIR; };
		E8BAEF2019418B870080E99E /* Info.plist */ = {isa = PBXFileReference; lastKnownFileType = text.plist.xml; path = Info.plist; sourceTree = "<group>"; };
		E8BAEF2119418B870080E99E /* RottenTomatoesTests.m */ = {isa = PBXFileReference; lastKnownFileType = sourcecode.c.objc; path = RottenTomatoesTests.m; sourceTree = "<group>"; };
/* End PBXFileReference section */

/* Begin PBXFrameworksBuildPhase section */
		E8BAEF0819418B870080E99E /* Frameworks */ = {
			isa = PBXFrameworksBuildPhase;
			buildActionMask = 2147483647;
			files = (
				338AF5E923A241E5916275E7 /* libPods.a in Frameworks */,
			);
			runOnlyForDeploymentPostprocessing = 0;
		};
		E8BAEF1819418B870080E99E /* Frameworks */ = {
			isa = PBXFrameworksBuildPhase;
			buildActionMask = 2147483647;
			files = (
			);
			runOnlyForDeploymentPostprocessing = 0;
		};
/* End PBXFrameworksBuildPhase section */

/* Begin PBXGroup section */
		269131A0DBC947A4A1525F37 /* Frameworks */ = {
			isa = PBXGroup;
			children = (
				372A35B045F44307BDE6A6B5 /* libPods.a */,
			);
			name = Frameworks;
			sourceTree = "<group>";
		};
		E8BAEF0219418B870080E99E = {
			isa = PBXGroup;
			children = (
				E8BAEF0D19418B870080E99E /* RottenTomatoes */,
				E8BAEF1E19418B870080E99E /* RottenTomatoesTests */,
				E8BAEF0C19418B870080E99E /* Products */,
				2D98BC11481949B0A8B38D95 /* Pods.xcconfig */,
				269131A0DBC947A4A1525F37 /* Frameworks */,
			);
			sourceTree = "<group>";
		};
		E8BAEF0C19418B870080E99E /* Products */ = {
			isa = PBXGroup;
			children = (
				E8BAEF0B19418B870080E99E /* RottenTomatoes.app */,
				E8BAEF1B19418B870080E99E /* RottenTomatoesTests.xctest */,
			);
			name = Products;
			sourceTree = "<group>";
		};
		E8BAEF0D19418B870080E99E /* RottenTomatoes */ = {
			isa = PBXGroup;
			children = (
				E8BAEF1219418B870080E99E /* AppDelegate.h */,
				E8BAEF1319418B870080E99E /* AppDelegate.m */,
				E8BAEF1519418B870080E99E /* Images.xcassets */,
				E8BAEF0E19418B870080E99E /* Supporting Files */,
				E87B0A6319425AFC0060484C /* MoviesViewController.h */,
				E87B0A6419425AFC0060484C /* MoviesViewController.m */,
				E87B0A6519425AFC0060484C /* MoviesViewController.xib */,
				E87B0A6819425FC60060484C /* MoviesTableViewCell.h */,
				E87B0A6919425FC60060484C /* MoviesTableViewCell.m */,
				E87B0A6A19425FC60060484C /* MoviesTableViewCell.xib */,
				E8A30BF719428F8100463E3A /* MovieDetailsViewController.h */,
				E8A30BF819428F8100463E3A /* MovieDetailsViewController.m */,
				E8A30BF919428F8100463E3A /* MovieDetailsViewController.xib */,
				E8A30BFC1942AD6000463E3A /* Movie.h */,
				E8A30BFD1942AD6000463E3A /* Movie.m */,
			);
			path = RottenTomatoes;
			sourceTree = "<group>";
		};
		E8BAEF0E19418B870080E99E /* Supporting Files */ = {
			isa = PBXGroup;
			children = (
				E8BAEF0F19418B870080E99E /* Info.plist */,
				E8BAEF1019418B870080E99E /* main.m */,
			);
			name = "Supporting Files";
			sourceTree = "<group>";
		};
		E8BAEF1E19418B870080E99E /* RottenTomatoesTests */ = {
			isa = PBXGroup;
			children = (
				E8BAEF2119418B870080E99E /* RottenTomatoesTests.m */,
				E8BAEF1F19418B870080E99E /* Supporting Files */,
			);
			path = RottenTomatoesTests;
			sourceTree = "<group>";
		};
		E8BAEF1F19418B870080E99E /* Supporting Files */ = {
			isa = PBXGroup;
			children = (
				E8BAEF2019418B870080E99E /* Info.plist */,
			);
			name = "Supporting Files";
			sourceTree = "<group>";
		};
/* End PBXGroup section */

/* Begin PBXNativeTarget section */
		E8BAEF0A19418B870080E99E /* RottenTomatoes */ = {
			isa = PBXNativeTarget;
			buildConfigurationList = E8BAEF2519418B870080E99E /* Build configuration list for PBXNativeTarget "RottenTomatoes" */;
			buildPhases = (
				5F5EBEA34A764D94B5C00A43 /* Check Pods Manifest.lock */,
				E8BAEF0719418B870080E99E /* Sources */,
				E8BAEF0819418B870080E99E /* Frameworks */,
				E8BAEF0919418B870080E99E /* Resources */,
				002B3E43DB1B4F6AA88D983A /* Copy Pods Resources */,
			);
			buildRules = (
			);
			dependencies = (
			);
			name = RottenTomatoes;
			productName = RottenTomatoes;
			productReference = E8BAEF0B19418B870080E99E /* RottenTomatoes.app */;
			productType = "com.apple.product-type.application";
		};
		E8BAEF1A19418B870080E99E /* RottenTomatoesTests */ = {
			isa = PBXNativeTarget;
			buildConfigurationList = E8BAEF2819418B870080E99E /* Build configuration list for PBXNativeTarget "RottenTomatoesTests" */;
			buildPhases = (
				E8BAEF1719418B870080E99E /* Sources */,
				E8BAEF1819418B870080E99E /* Frameworks */,
				E8BAEF1919418B870080E99E /* Resources */,
			);
			buildRules = (
			);
			dependencies = (
				E8BAEF1D19418B870080E99E /* PBXTargetDependency */,
			);
			name = RottenTomatoesTests;
			productName = RottenTomatoesTests;
			productReference = E8BAEF1B19418B870080E99E /* RottenTomatoesTests.xctest */;
			productType = "com.apple.product-type.bundle.unit-test";
		};
/* End PBXNativeTarget section */

/* Begin PBXProject section */
		E8BAEF0319418B870080E99E /* Project object */ = {
			isa = PBXProject;
			attributes = {
				LastUpgradeCheck = 0600;
				ORGANIZATIONNAME = KS;
				TargetAttributes = {
					E8BAEF0A19418B870080E99E = {
						CreatedOnToolsVersion = 6.0;
					};
					E8BAEF1A19418B870080E99E = {
						CreatedOnToolsVersion = 6.0;
						TestTargetID = E8BAEF0A19418B870080E99E;
					};
				};
			};
			buildConfigurationList = E8BAEF0619418B870080E99E /* Build configuration list for PBXProject "RottenTomatoes" */;
			compatibilityVersion = "Xcode 3.2";
			developmentRegion = English;
			hasScannedForEncodings = 0;
			knownRegions = (
				en,
			);
			mainGroup = E8BAEF0219418B870080E99E;
			productRefGroup = E8BAEF0C19418B870080E99E /* Products */;
			projectDirPath = "";
			projectRoot = "";
			targets = (
				E8BAEF0A19418B870080E99E /* RottenTomatoes */,
				E8BAEF1A19418B870080E99E /* RottenTomatoesTests */,
			);
		};
/* End PBXProject section */

/* Begin PBXResourcesBuildPhase section */
		E8BAEF0919418B870080E99E /* Resources */ = {
			isa = PBXResourcesBuildPhase;
			buildActionMask = 2147483647;
			files = (
				E8A30BFB19428F8100463E3A /* MovieDetailsViewController.xib in Resources */,
				E8BAEF1619418B870080E99E /* Images.xcassets in Resources */,
				E87B0A6C19425FC60060484C /* MoviesTableViewCell.xib in Resources */,
				E87B0A6719425AFC0060484C /* MoviesViewController.xib in Resources */,
			);
			runOnlyForDeploymentPostprocessing = 0;
		};
		E8BAEF1919418B870080E99E /* Resources */ = {
			isa = PBXResourcesBuildPhase;
			buildActionMask = 2147483647;
			files = (
			);
			runOnlyForDeploymentPostprocessing = 0;
		};
/* End PBXResourcesBuildPhase section */

/* Begin PBXShellScriptBuildPhase section */
		002B3E43DB1B4F6AA88D983A /* Copy Pods Resources */ = {
			isa = PBXShellScriptBuildPhase;
			buildActionMask = 2147483647;
			files = (
			);
			inputPaths = (
			);
			name = "Copy Pods Resources";
			outputPaths = (
			);
			runOnlyForDeploymentPostprocessing = 0;
			shellPath = /bin/sh;
			shellScript = "\"${SRCROOT}/Pods/Pods-resources.sh\"\n";
			showEnvVarsInLog = 0;
		};
		5F5EBEA34A764D94B5C00A43 /* Check Pods Manifest.lock */ = {
			isa = PBXShellScriptBuildPhase;
			buildActionMask = 2147483647;
			files = (
			);
			inputPaths = (
			);
			name = "Check Pods Manifest.lock";
			outputPaths = (
			);
			runOnlyForDeploymentPostprocessing = 0;
			shellPath = /bin/sh;
			shellScript = "diff \"${PODS_ROOT}/../Podfile.lock\" \"${PODS_ROOT}/Manifest.lock\" > /dev/null\nif [[ $? != 0 ]] ; then\n    cat << EOM\nerror: The sandbox is not in sync with the Podfile.lock. Run 'pod install' or update your CocoaPods installation.\nEOM\n    exit 1\nfi\n";
			showEnvVarsInLog = 0;
		};
/* End PBXShellScriptBuildPhase section */

/* Begin PBXSourcesBuildPhase section */
		E8BAEF0719418B870080E99E /* Sources */ = {
			isa = PBXSourcesBuildPhase;
			buildActionMask = 2147483647;
			files = (
				E8A30BFE1942AD6000463E3A /* Movie.m in Sources */,
				E8A30BFA19428F8100463E3A /* MovieDetailsViewController.m in Sources */,
				E87B0A6619425AFC0060484C /* MoviesViewController.m in Sources */,
				E8BAEF1419418B870080E99E /* AppDelegate.m in Sources */,
				E87B0A6B19425FC60060484C /* MoviesTableViewCell.m in Sources */,
				E8BAEF1119418B870080E99E /* main.m in Sources */,
			);
			runOnlyForDeploymentPostprocessing = 0;
		};
		E8BAEF1719418B870080E99E /* Sources */ = {
			isa = PBXSourcesBuildPhase;
			buildActionMask = 2147483647;
			files = (
				E8BAEF2219418B870080E99E /* RottenTomatoesTests.m in Sources */,
			);
			runOnlyForDeploymentPostprocessing = 0;
		};
/* End PBXSourcesBuildPhase section */

/* Begin PBXTargetDependency section */
		E8BAEF1D19418B870080E99E /* PBXTargetDependency */ = {
			isa = PBXTargetDependency;
			target = E8BAEF0A19418B870080E99E /* RottenTomatoes */;
			targetProxy = E8BAEF1C19418B870080E99E /* PBXContainerItemProxy */;
		};
/* End PBXTargetDependency section */

/* Begin XCBuildConfiguration section */
		E8BAEF2319418B870080E99E /* Debug */ = {
			isa = XCBuildConfiguration;
			buildSettings = {
				ALWAYS_SEARCH_USER_PATHS = NO;
				CLANG_CXX_LANGUAGE_STANDARD = "gnu++0x";
				CLANG_CXX_LIBRARY = "libc++";
				CLANG_ENABLE_MODULES = YES;
				CLANG_ENABLE_OBJC_ARC = YES;
				CLANG_WARN_BOOL_CONVERSION = YES;
				CLANG_WARN_CONSTANT_CONVERSION = YES;
				CLANG_WARN_DIRECT_OBJC_ISA_USAGE = YES_ERROR;
				CLANG_WARN_EMPTY_BODY = YES;
				CLANG_WARN_ENUM_CONVERSION = YES;
				CLANG_WARN_INT_CONVERSION = YES;
				CLANG_WARN_OBJC_ROOT_CLASS = YES_ERROR;
				CLANG_WARN_UNREACHABLE_CODE = YES;
				CLANG_WARN__DUPLICATE_METHOD_MATCH = YES;
				"CODE_SIGN_IDENTITY[sdk=iphoneos*]" = "iPhone Developer";
				COPY_PHASE_STRIP = NO;
				ENABLE_STRICT_OBJC_MSGSEND = YES;
				GCC_C_LANGUAGE_STANDARD = gnu99;
				GCC_DYNAMIC_NO_PIC = NO;
				GCC_OPTIMIZATION_LEVEL = 0;
				GCC_PREPROCESSOR_DEFINITIONS = (
					"DEBUG=1",
					"$(inherited)",
				);
				GCC_SYMBOLS_PRIVATE_EXTERN = NO;
				GCC_WARN_64_TO_32_BIT_CONVERSION = YES;
				GCC_WARN_ABOUT_RETURN_TYPE = YES_ERROR;
				GCC_WARN_UNDECLARED_SELECTOR = YES;
				GCC_WARN_UNINITIALIZED_AUTOS = YES_AGGRESSIVE;
				GCC_WARN_UNUSED_FUNCTION = YES;
				GCC_WARN_UNUSED_VARIABLE = YES;
				IPHONEOS_DEPLOYMENT_TARGET = 8.0;
				METAL_ENABLE_DEBUG_INFO = YES;
				ONLY_ACTIVE_ARCH = YES;
				SDKROOT = iphoneos;
			};
			name = Debug;
		};
		E8BAEF2419418B870080E99E /* Release */ = {
			isa = XCBuildConfiguration;
			buildSettings = {
				ALWAYS_SEARCH_USER_PATHS = NO;
				CLANG_CXX_LANGUAGE_STANDARD = "gnu++0x";
				CLANG_CXX_LIBRARY = "libc++";
				CLANG_ENABLE_MODULES = YES;
				CLANG_ENABLE_OBJC_ARC = YES;
				CLANG_WARN_BOOL_CONVERSION = YES;
				CLANG_WARN_CONSTANT_CONVERSION = YES;
				CLANG_WARN_DIRECT_OBJC_ISA_USAGE = YES_ERROR;
				CLANG_WARN_EMPTY_BODY = YES;
				CLANG_WARN_ENUM_CONVERSION = YES;
				CLANG_WARN_INT_CONVERSION = YES;
				CLANG_WARN_OBJC_ROOT_CLASS = YES_ERROR;
				CLANG_WARN_UNREACHABLE_CODE = YES;
				CLANG_WARN__DUPLICATE_METHOD_MATCH = YES;
				"CODE_SIGN_IDENTITY[sdk=iphoneos*]" = "iPhone Developer";
				COPY_PHASE_STRIP = YES;
				ENABLE_NS_ASSERTIONS = NO;
				ENABLE_STRICT_OBJC_MSGSEND = YES;
				GCC_C_LANGUAGE_STANDARD = gnu99;
				GCC_WARN_64_TO_32_BIT_CONVERSION = YES;
				GCC_WARN_ABOUT_RETURN_TYPE = YES_ERROR;
				GCC_WARN_UNDECLARED_SELECTOR = YES;
				GCC_WARN_UNINITIALIZED_AUTOS = YES_AGGRESSIVE;
				GCC_WARN_UNUSED_FUNCTION = YES;
				GCC_WARN_UNUSED_VARIABLE = YES;
				IPHONEOS_DEPLOYMENT_TARGET = 8.0;
				METAL_ENABLE_DEBUG_INFO = NO;
				SDKROOT = iphoneos;
				VALIDATE_PRODUCT = YES;
			};
			name = Release;
		};
		E8BAEF2619418B870080E99E /* Debug */ = {
			isa = XCBuildConfiguration;
			baseConfigurationReference = 2D98BC11481949B0A8B38D95 /* Pods.xcconfig */;
			buildSettings = {
				ASSETCATALOG_COMPILER_APPICON_NAME = AppIcon;
				ASSETCATALOG_COMPILER_LAUNCHIMAGE_NAME = LaunchImage;
				INFOPLIST_FILE = RottenTomatoes/Info.plist;
				IPHONEOS_DEPLOYMENT_TARGET = 7.0;
				LD_RUNPATH_SEARCH_PATHS = "$(inherited) @executable_path/Frameworks";
				PRODUCT_NAME = "$(TARGET_NAME)";
			};
			name = Debug;
		};
		E8BAEF2719418B870080E99E /* Release */ = {
			isa = XCBuildConfiguration;
			baseConfigurationReference = 2D98BC11481949B0A8B38D95 /* Pods.xcconfig */;
			buildSettings = {
				ASSETCATALOG_COMPILER_APPICON_NAME = AppIcon;
				ASSETCATALOG_COMPILER_LAUNCHIMAGE_NAME = LaunchImage;
				INFOPLIST_FILE = RottenTomatoes/Info.plist;
				IPHONEOS_DEPLOYMENT_TARGET = 7.0;
				LD_RUNPATH_SEARCH_PATHS = "$(inherited) @executable_path/Frameworks";
				PRODUCT_NAME = "$(TARGET_NAME)";
			};
			name = Release;
		};
		E8BAEF2919418B870080E99E /* Debug */ = {
			isa = XCBuildConfiguration;
			buildSettings = {
				BUNDLE_LOADER = "$(BUILT_PRODUCTS_DIR)/RottenTomatoes.app/RottenTomatoes";
				FRAMEWORK_SEARCH_PATHS = (
					"$(SDKROOT)/Developer/Library/Frameworks",
					"$(inherited)",
				);
				GCC_PREPROCESSOR_DEFINITIONS = (
					"DEBUG=1",
					"$(inherited)",
				);
				INFOPLIST_FILE = RottenTomatoesTests/Info.plist;
				IPHONEOS_DEPLOYMENT_TARGET = 7.1;
				LD_RUNPATH_SEARCH_PATHS = "$(inherited) @executable_path/Frameworks @loader_path/Frameworks";
				METAL_ENABLE_DEBUG_INFO = YES;
				PRODUCT_NAME = "$(TARGET_NAME)";
				TEST_HOST = "$(BUNDLE_LOADER)";
			};
			name = Debug;
		};
		E8BAEF2A19418B870080E99E /* Release */ = {
			isa = XCBuildConfiguration;
			buildSettings = {
				BUNDLE_LOADER = "$(BUILT_PRODUCTS_DIR)/RottenTomatoes.app/RottenTomatoes";
				FRAMEWORK_SEARCH_PATHS = (
					"$(SDKROOT)/Developer/Library/Frameworks",
					"$(inherited)",
				);
				INFOPLIST_FILE = RottenTomatoesTests/Info.plist;
				IPHONEOS_DEPLOYMENT_TARGET = 7.1;
				LD_RUNPATH_SEARCH_PATHS = "$(inherited) @executable_path/Frameworks @loader_path/Frameworks";
				METAL_ENABLE_DEBUG_INFO = NO;
				PRODUCT_NAME = "$(TARGET_NAME)";
				TEST_HOST = "$(BUNDLE_LOADER)";
			};
			name = Release;
		};
/* End XCBuildConfiguration section */

/* Begin XCConfigurationList section */
		E8BAEF0619418B870080E99E /* Build configuration list for PBXProject "RottenTomatoes" */ = {
			isa = XCConfigurationList;
			buildConfigurations = (
				E8BAEF2319418B870080E99E /* Debug */,
				E8BAEF2419418B870080E99E /* Release */,
			);
			defaultConfigurationIsVisible = 0;
			defaultConfigurationName = Release;
		};
		E8BAEF2519418B870080E99E /* Build configuration list for PBXNativeTarget "RottenTomatoes" */ = {
			isa = XCConfigurationList;
			buildConfigurations = (
				E8BAEF2619418B870080E99E /* Debug */,
				E8BAEF2719418B870080E99E /* Release */,
			);
			defaultConfigurationIsVisible = 0;
			defaultConfigurationName = Release;
		};
		E8BAEF2819418B870080E99E /* Build configuration list for PBXNativeTarget "RottenTomatoesTests" */ = {
			isa = XCConfigurationList;
			buildConfigurations = (
				E8BAEF2919418B870080E99E /* Debug */,
				E8BAEF2A19418B870080E99E /* Release */,
			);
			defaultConfigurationIsVisible = 0;
			defaultConfigurationName = Release;
		};
/* End XCConfigurationList section */
	};
	rootObject = E8BAEF0319418B870080E99E /* Project object */;
}
